// !$*UTF8*$!
{
	archiveVersion = 1;
	classes = {
	};
	objectVersion = 46;
	objects = {

/* Begin PBXBuildFile section */
		55AA05E018F02899000F9B32 /* Foundation.framework in Frameworks */ = {isa = PBXBuildFile; fileRef = 55AA05DF18F02899000F9B32 /* Foundation.framework */; };
		55AA05E218F02899000F9B32 /* CoreGraphics.framework in Frameworks */ = {isa = PBXBuildFile; fileRef = 55AA05E118F02899000F9B32 /* CoreGraphics.framework */; };
		55AA05E418F02899000F9B32 /* UIKit.framework in Frameworks */ = {isa = PBXBuildFile; fileRef = 55AA05E318F02899000F9B32 /* UIKit.framework */; };
		55AA061718F02936000F9B32 /* AppDelegate.m in Sources */ = {isa = PBXBuildFile; fileRef = 55AA061018F02936000F9B32 /* AppDelegate.m */; };
		55AA061918F02936000F9B32 /* InfoPlist.strings in Resources */ = {isa = PBXBuildFile; fileRef = 55AA061318F02936000F9B32 /* InfoPlist.strings */; };
		55AA061A18F02936000F9B32 /* Images.xcassets in Resources */ = {isa = PBXBuildFile; fileRef = 55AA061518F02936000F9B32 /* Images.xcassets */; };
		55AA061B18F02936000F9B32 /* main.m in Sources */ = {isa = PBXBuildFile; fileRef = 55AA061618F02936000F9B32 /* main.m */; };
		55AA062318F02A2A000F9B32 /* AsyncSocket.m in Sources */ = {isa = PBXBuildFile; fileRef = 55AA061F18F02A2A000F9B32 /* AsyncSocket.m */; };
		55AA062418F02A2A000F9B32 /* CocoaGoPush.m in Sources */ = {isa = PBXBuildFile; fileRef = 55AA062218F02A2A000F9B32 /* CocoaGoPush.m */; };
		55AA062818F02A91000F9B32 /* DemoViewController.m in Sources */ = {isa = PBXBuildFile; fileRef = 55AA062618F02A91000F9B32 /* DemoViewController.m */; };
		55AA062918F02A91000F9B32 /* DemoViewController.xib in Resources */ = {isa = PBXBuildFile; fileRef = 55AA062718F02A91000F9B32 /* DemoViewController.xib */; };
		55AA062C18F02C4D000F9B32 /* AsyncSocket.m in Sources */ = {isa = PBXBuildFile; fileRef = 55AA061F18F02A2A000F9B32 /* AsyncSocket.m */; settings = {COMPILER_FLAGS = "-fobjc-arc"; }; };
		55AA062D18F02C4D000F9B32 /* main.m in Sources */ = {isa = PBXBuildFile; fileRef = 55AA061618F02936000F9B32 /* main.m */; };
		55AA062E18F02C4D000F9B32 /* AppDelegate.m in Sources */ = {isa = PBXBuildFile; fileRef = 55AA061018F02936000F9B32 /* AppDelegate.m */; };
		55AA062F18F02C4D000F9B32 /* DemoViewController.m in Sources */ = {isa = PBXBuildFile; fileRef = 55AA062618F02A91000F9B32 /* DemoViewController.m */; };
		55AA063018F02C4D000F9B32 /* CocoaGoPush.m in Sources */ = {isa = PBXBuildFile; fileRef = 55AA062218F02A2A000F9B32 /* CocoaGoPush.m */; };
		55AA063218F02C4D000F9B32 /* CoreGraphics.framework in Frameworks */ = {isa = PBXBuildFile; fileRef = 55AA05E118F02899000F9B32 /* CoreGraphics.framework */; };
		55AA063318F02C4D000F9B32 /* UIKit.framework in Frameworks */ = {isa = PBXBuildFile; fileRef = 55AA05E318F02899000F9B32 /* UIKit.framework */; };
		55AA063418F02C4D000F9B32 /* Foundation.framework in Frameworks */ = {isa = PBXBuildFile; fileRef = 55AA05DF18F02899000F9B32 /* Foundation.framework */; };
		55AA063618F02C4D000F9B32 /* Images.xcassets in Resources */ = {isa = PBXBuildFile; fileRef = 55AA061518F02936000F9B32 /* Images.xcassets */; };
		55AA063718F02C4D000F9B32 /* InfoPlist.strings in Resources */ = {isa = PBXBuildFile; fileRef = 55AA061318F02936000F9B32 /* InfoPlist.strings */; };
		55AA063818F02C4D000F9B32 /* DemoViewController.xib in Resources */ = {isa = PBXBuildFile; fileRef = 55AA062718F02A91000F9B32 /* DemoViewController.xib */; };
		55AA063F18F02D3B000F9B32 /* CocoaGoPushDemoMRC-Info.plist in Resources */ = {isa = PBXBuildFile; fileRef = 55AA063E18F02D3B000F9B32 /* CocoaGoPushDemoMRC-Info.plist */; };
		55AA064618F0315D000F9B32 /* Cocoa.framework in Frameworks */ = {isa = PBXBuildFile; fileRef = 55AA064518F0315D000F9B32 /* Cocoa.framework */; };
		55AA065018F0315D000F9B32 /* InfoPlist.strings in Resources */ = {isa = PBXBuildFile; fileRef = 55AA064E18F0315D000F9B32 /* InfoPlist.strings */; };
		55AA065218F0315D000F9B32 /* main.m in Sources */ = {isa = PBXBuildFile; fileRef = 55AA065118F0315D000F9B32 /* main.m */; };
		55AA065618F0315D000F9B32 /* Credits.rtf in Resources */ = {isa = PBXBuildFile; fileRef = 55AA065418F0315D000F9B32 /* Credits.rtf */; };
		55AA065918F0315D000F9B32 /* AppDelegate.m in Sources */ = {isa = PBXBuildFile; fileRef = 55AA065818F0315D000F9B32 /* AppDelegate.m */; };
		55AA065C18F0315D000F9B32 /* MainMenu.xib in Resources */ = {isa = PBXBuildFile; fileRef = 55AA065A18F0315D000F9B32 /* MainMenu.xib */; };
		55AA065E18F0315D000F9B32 /* Images.xcassets in Resources */ = {isa = PBXBuildFile; fileRef = 55AA065D18F0315D000F9B32 /* Images.xcassets */; };
		55AA067618F03180000F9B32 /* AsyncSocket.m in Sources */ = {isa = PBXBuildFile; fileRef = 55AA061F18F02A2A000F9B32 /* AsyncSocket.m */; };
		55AA067718F03184000F9B32 /* CocoaGoPush.m in Sources */ = {isa = PBXBuildFile; fileRef = 55AA062218F02A2A000F9B32 /* CocoaGoPush.m */; };
/* End PBXBuildFile section */

/* Begin PBXFileReference section */
		55AA05DC18F02899000F9B32 /* CocoaGoPushDemo.app */ = {isa = PBXFileReference; explicitFileType = wrapper.application; includeInIndex = 0; path = CocoaGoPushDemo.app; sourceTree = BUILT_PRODUCTS_DIR; };
		55AA05DF18F02899000F9B32 /* Foundation.framework */ = {isa = PBXFileReference; lastKnownFileType = wrapper.framework; name = Foundation.framework; path = System/Library/Frameworks/Foundation.framework; sourceTree = SDKROOT; };
		55AA05E118F02899000F9B32 /* CoreGraphics.framework */ = {isa = PBXFileReference; lastKnownFileType = wrapper.framework; name = CoreGraphics.framework; path = System/Library/Frameworks/CoreGraphics.framework; sourceTree = SDKROOT; };
		55AA05E318F02899000F9B32 /* UIKit.framework */ = {isa = PBXFileReference; lastKnownFileType = wrapper.framework; name = UIKit.framework; path = System/Library/Frameworks/UIKit.framework; sourceTree = SDKROOT; };
		55AA05F818F02899000F9B32 /* XCTest.framework */ = {isa = PBXFileReference; lastKnownFileType = wrapper.framework; name = XCTest.framework; path = Library/Frameworks/XCTest.framework; sourceTree = DEVELOPER_DIR; };
		55AA060F18F02936000F9B32 /* AppDelegate.h */ = {isa = PBXFileReference; fileEncoding = 4; lastKnownFileType = sourcecode.c.h; path = AppDelegate.h; sourceTree = "<group>"; };
		55AA061018F02936000F9B32 /* AppDelegate.m */ = {isa = PBXFileReference; fileEncoding = 4; lastKnownFileType = sourcecode.c.objc; path = AppDelegate.m; sourceTree = "<group>"; };
		55AA061118F02936000F9B32 /* CocoaGoPush-Info.plist */ = {isa = PBXFileReference; fileEncoding = 4; lastKnownFileType = text.plist.xml; path = "CocoaGoPush-Info.plist"; sourceTree = "<group>"; };
		55AA061218F02936000F9B32 /* CocoaGoPush-Prefix.pch */ = {isa = PBXFileReference; fileEncoding = 4; lastKnownFileType = sourcecode.c.h; path = "CocoaGoPush-Prefix.pch"; sourceTree = "<group>"; };
		55AA061418F02936000F9B32 /* en */ = {isa = PBXFileReference; lastKnownFileType = text.plist.strings; name = en; path = en.lproj/InfoPlist.strings; sourceTree = "<group>"; };
		55AA061518F02936000F9B32 /* Images.xcassets */ = {isa = PBXFileReference; lastKnownFileType = folder.assetcatalog; path = Images.xcassets; sourceTree = "<group>"; };
		55AA061618F02936000F9B32 /* main.m */ = {isa = PBXFileReference; fileEncoding = 4; lastKnownFileType = sourcecode.c.objc; path = main.m; sourceTree = "<group>"; };
		55AA061E18F02A2A000F9B32 /* AsyncSocket.h */ = {isa = PBXFileReference; fileEncoding = 4; lastKnownFileType = sourcecode.c.h; path = AsyncSocket.h; sourceTree = "<group>"; };
		55AA061F18F02A2A000F9B32 /* AsyncSocket.m */ = {isa = PBXFileReference; fileEncoding = 4; lastKnownFileType = sourcecode.c.objc; path = AsyncSocket.m; sourceTree = "<group>"; };
		55AA062118F02A2A000F9B32 /* CocoaGoPush.h */ = {isa = PBXFileReference; fileEncoding = 4; lastKnownFileType = sourcecode.c.h; path = CocoaGoPush.h; sourceTree = "<group>"; };
		55AA062218F02A2A000F9B32 /* CocoaGoPush.m */ = {isa = PBXFileReference; fileEncoding = 4; lastKnownFileType = sourcecode.c.objc; path = CocoaGoPush.m; sourceTree = "<group>"; };
		55AA062518F02A91000F9B32 /* DemoViewController.h */ = {isa = PBXFileReference; fileEncoding = 4; lastKnownFileType = sourcecode.c.h; path = DemoViewController.h; sourceTree = "<group>"; };
		55AA062618F02A91000F9B32 /* DemoViewController.m */ = {isa = PBXFileReference; fileEncoding = 4; lastKnownFileType = sourcecode.c.objc; path = DemoViewController.m; sourceTree = "<group>"; };
		55AA062718F02A91000F9B32 /* DemoViewController.xib */ = {isa = PBXFileReference; fileEncoding = 4; lastKnownFileType = file.xib; path = DemoViewController.xib; sourceTree = "<group>"; };
		55AA063C18F02C4D000F9B32 /* CocoaGoPushDemoMRC.app */ = {isa = PBXFileReference; explicitFileType = wrapper.application; includeInIndex = 0; path = CocoaGoPushDemoMRC.app; sourceTree = BUILT_PRODUCTS_DIR; };
		55AA063E18F02D3B000F9B32 /* CocoaGoPushDemoMRC-Info.plist */ = {isa = PBXFileReference; fileEncoding = 4; lastKnownFileType = text.plist.xml; path = "CocoaGoPushDemoMRC-Info.plist"; sourceTree = "<group>"; };
		55AA064418F0315D000F9B32 /* CocoaGoPushDemoOSX.app */ = {isa = PBXFileReference; explicitFileType = wrapper.application; includeInIndex = 0; path = CocoaGoPushDemoOSX.app; sourceTree = BUILT_PRODUCTS_DIR; };
		55AA064518F0315D000F9B32 /* Cocoa.framework */ = {isa = PBXFileReference; lastKnownFileType = wrapper.framework; name = Cocoa.framework; path = Library/Frameworks/Cocoa.framework; sourceTree = DEVELOPER_DIR; };
		55AA064818F0315D000F9B32 /* AppKit.framework */ = {isa = PBXFileReference; lastKnownFileType = wrapper.framework; name = AppKit.framework; path = Library/Frameworks/AppKit.framework; sourceTree = SDKROOT; };
		55AA064918F0315D000F9B32 /* CoreData.framework */ = {isa = PBXFileReference; lastKnownFileType = wrapper.framework; name = CoreData.framework; path = Library/Frameworks/CoreData.framework; sourceTree = SDKROOT; };
		55AA064A18F0315D000F9B32 /* Foundation.framework */ = {isa = PBXFileReference; lastKnownFileType = wrapper.framework; name = Foundation.framework; path = Library/Frameworks/Foundation.framework; sourceTree = SDKROOT; };
		55AA064D18F0315D000F9B32 /* CocoaGoPushDemoOSX-Info.plist */ = {isa = PBXFileReference; lastKnownFileType = text.plist.xml; path = "CocoaGoPushDemoOSX-Info.plist"; sourceTree = "<group>"; };
		55AA064F18F0315D000F9B32 /* en */ = {isa = PBXFileReference; lastKnownFileType = text.plist.strings; name = en; path = en.lproj/InfoPlist.strings; sourceTree = "<group>"; };
		55AA065118F0315D000F9B32 /* main.m */ = {isa = PBXFileReference; lastKnownFileType = sourcecode.c.objc; path = main.m; sourceTree = "<group>"; };
		55AA065318F0315D000F9B32 /* CocoaGoPushDemoOSX-Prefix.pch */ = {isa = PBXFileReference; lastKnownFileType = sourcecode.c.h; path = "CocoaGoPushDemoOSX-Prefix.pch"; sourceTree = "<group>"; };
		55AA065518F0315D000F9B32 /* en */ = {isa = PBXFileReference; lastKnownFileType = text.rtf; name = en; path = en.lproj/Credits.rtf; sourceTree = "<group>"; };
		55AA065718F0315D000F9B32 /* AppDelegate.h */ = {isa = PBXFileReference; lastKnownFileType = sourcecode.c.h; path = AppDelegate.h; sourceTree = "<group>"; };
		55AA065818F0315D000F9B32 /* AppDelegate.m */ = {isa = PBXFileReference; lastKnownFileType = sourcecode.c.objc; path = AppDelegate.m; sourceTree = "<group>"; };
		55AA065B18F0315D000F9B32 /* Base */ = {isa = PBXFileReference; lastKnownFileType = file.xib; name = Base; path = Base.lproj/MainMenu.xib; sourceTree = "<group>"; };
		55AA065D18F0315D000F9B32 /* Images.xcassets */ = {isa = PBXFileReference; lastKnownFileType = folder.assetcatalog; path = Images.xcassets; sourceTree = "<group>"; };
/* End PBXFileReference section */

/* Begin PBXFrameworksBuildPhase section */
		55AA05D918F02899000F9B32 /* Frameworks */ = {
			isa = PBXFrameworksBuildPhase;
			buildActionMask = 2147483647;
			files = (
				55AA05E218F02899000F9B32 /* CoreGraphics.framework in Frameworks */,
				55AA05E418F02899000F9B32 /* UIKit.framework in Frameworks */,
				55AA05E018F02899000F9B32 /* Foundation.framework in Frameworks */,
			);
			runOnlyForDeploymentPostprocessing = 0;
		};
		55AA063118F02C4D000F9B32 /* Frameworks */ = {
			isa = PBXFrameworksBuildPhase;
			buildActionMask = 2147483647;
			files = (
				55AA063218F02C4D000F9B32 /* CoreGraphics.framework in Frameworks */,
				55AA063318F02C4D000F9B32 /* UIKit.framework in Frameworks */,
				55AA063418F02C4D000F9B32 /* Foundation.framework in Frameworks */,
			);
			runOnlyForDeploymentPostprocessing = 0;
		};
		55AA064118F0315D000F9B32 /* Frameworks */ = {
			isa = PBXFrameworksBuildPhase;
			buildActionMask = 2147483647;
			files = (
				55AA064618F0315D000F9B32 /* Cocoa.framework in Frameworks */,
			);
			runOnlyForDeploymentPostprocessing = 0;
		};
/* End PBXFrameworksBuildPhase section */

/* Begin PBXGroup section */
		55AA05D318F02898000F9B32 = {
			isa = PBXGroup;
			children = (
				55AA061C18F02A2A000F9B32 /* 3rdParty */,
				55AA062018F02A2A000F9B32 /* CocoaGoPush */,
				55AA060E18F02936000F9B32 /* CocoaGoPushDemo */,
				55AA064B18F0315D000F9B32 /* CocoaGoPushDemoOSX */,
				55AA05DE18F02899000F9B32 /* Frameworks */,
				55AA05DD18F02899000F9B32 /* Products */,
			);
			sourceTree = "<group>";
		};
		55AA05DD18F02899000F9B32 /* Products */ = {
			isa = PBXGroup;
			children = (
				55AA05DC18F02899000F9B32 /* CocoaGoPushDemo.app */,
				55AA063C18F02C4D000F9B32 /* CocoaGoPushDemoMRC.app */,
				55AA064418F0315D000F9B32 /* CocoaGoPushDemoOSX.app */,
			);
			name = Products;
			sourceTree = "<group>";
		};
		55AA05DE18F02899000F9B32 /* Frameworks */ = {
			isa = PBXGroup;
			children = (
				55AA05DF18F02899000F9B32 /* Foundation.framework */,
				55AA05E118F02899000F9B32 /* CoreGraphics.framework */,
				55AA05E318F02899000F9B32 /* UIKit.framework */,
				55AA05F818F02899000F9B32 /* XCTest.framework */,
				55AA064518F0315D000F9B32 /* Cocoa.framework */,
				55AA064718F0315D000F9B32 /* Other Frameworks */,
			);
			name = Frameworks;
			sourceTree = "<group>";
		};
		55AA060E18F02936000F9B32 /* CocoaGoPushDemo */ = {
			isa = PBXGroup;
			children = (
				55AA060F18F02936000F9B32 /* AppDelegate.h */,
				55AA061018F02936000F9B32 /* AppDelegate.m */,
				55AA062518F02A91000F9B32 /* DemoViewController.h */,
				55AA062618F02A91000F9B32 /* DemoViewController.m */,
				55AA062718F02A91000F9B32 /* DemoViewController.xib */,
				55AA061118F02936000F9B32 /* CocoaGoPush-Info.plist */,
				55AA063E18F02D3B000F9B32 /* CocoaGoPushDemoMRC-Info.plist */,
				55AA061218F02936000F9B32 /* CocoaGoPush-Prefix.pch */,
				55AA061318F02936000F9B32 /* InfoPlist.strings */,
				55AA061518F02936000F9B32 /* Images.xcassets */,
				55AA061618F02936000F9B32 /* main.m */,
			);
			path = CocoaGoPushDemo;
			sourceTree = "<group>";
		};
		55AA061C18F02A2A000F9B32 /* 3rdParty */ = {
			isa = PBXGroup;
			children = (
				55AA061D18F02A2A000F9B32 /* CocoaAsyncSocket */,
			);
			path = 3rdParty;
			sourceTree = "<group>";
		};
		55AA061D18F02A2A000F9B32 /* CocoaAsyncSocket */ = {
			isa = PBXGroup;
			children = (
				55AA061E18F02A2A000F9B32 /* AsyncSocket.h */,
				55AA061F18F02A2A000F9B32 /* AsyncSocket.m */,
			);
			path = CocoaAsyncSocket;
			sourceTree = "<group>";
		};
		55AA062018F02A2A000F9B32 /* CocoaGoPush */ = {
			isa = PBXGroup;
			children = (
				55AA062118F02A2A000F9B32 /* CocoaGoPush.h */,
				55AA062218F02A2A000F9B32 /* CocoaGoPush.m */,
			);
			path = CocoaGoPush;
			sourceTree = "<group>";
		};
		55AA064718F0315D000F9B32 /* Other Frameworks */ = {
			isa = PBXGroup;
			children = (
				55AA064818F0315D000F9B32 /* AppKit.framework */,
				55AA064918F0315D000F9B32 /* CoreData.framework */,
				55AA064A18F0315D000F9B32 /* Foundation.framework */,
			);
			name = "Other Frameworks";
			sourceTree = "<group>";
		};
		55AA064B18F0315D000F9B32 /* CocoaGoPushDemoOSX */ = {
			isa = PBXGroup;
			children = (
				55AA065718F0315D000F9B32 /* AppDelegate.h */,
				55AA065818F0315D000F9B32 /* AppDelegate.m */,
				55AA065A18F0315D000F9B32 /* MainMenu.xib */,
				55AA065D18F0315D000F9B32 /* Images.xcassets */,
				55AA064C18F0315D000F9B32 /* Supporting Files */,
			);
			path = CocoaGoPushDemoOSX;
			sourceTree = "<group>";
		};
		55AA064C18F0315D000F9B32 /* Supporting Files */ = {
			isa = PBXGroup;
			children = (
				55AA064D18F0315D000F9B32 /* CocoaGoPushDemoOSX-Info.plist */,
				55AA064E18F0315D000F9B32 /* InfoPlist.strings */,
				55AA065118F0315D000F9B32 /* main.m */,
				55AA065318F0315D000F9B32 /* CocoaGoPushDemoOSX-Prefix.pch */,
				55AA065418F0315D000F9B32 /* Credits.rtf */,
			);
			name = "Supporting Files";
			sourceTree = "<group>";
		};
/* End PBXGroup section */

/* Begin PBXNativeTarget section */
		55AA05DB18F02899000F9B32 /* CocoaGoPushDemo */ = {
			isa = PBXNativeTarget;
			buildConfigurationList = 55AA060818F02899000F9B32 /* Build configuration list for PBXNativeTarget "CocoaGoPushDemo" */;
			buildPhases = (
				55AA05D818F02899000F9B32 /* Sources */,
				55AA05D918F02899000F9B32 /* Frameworks */,
				55AA05DA18F02899000F9B32 /* Resources */,
			);
			buildRules = (
			);
			dependencies = (
			);
			name = CocoaGoPushDemo;
			productName = CocoaGoPush;
			productReference = 55AA05DC18F02899000F9B32 /* CocoaGoPushDemo.app */;
			productType = "com.apple.product-type.application";
		};
		55AA062A18F02C4D000F9B32 /* CocoaGoPushDemoMRC */ = {
			isa = PBXNativeTarget;
			buildConfigurationList = 55AA063918F02C4D000F9B32 /* Build configuration list for PBXNativeTarget "CocoaGoPushDemoMRC" */;
			buildPhases = (
				55AA062B18F02C4D000F9B32 /* Sources */,
				55AA063118F02C4D000F9B32 /* Frameworks */,
				55AA063518F02C4D000F9B32 /* Resources */,
			);
			buildRules = (
			);
			dependencies = (
			);
			name = CocoaGoPushDemoMRC;
			productName = CocoaGoPush;
			productReference = 55AA063C18F02C4D000F9B32 /* CocoaGoPushDemoMRC.app */;
			productType = "com.apple.product-type.application";
		};
		55AA064318F0315D000F9B32 /* CocoaGoPushDemoOSX */ = {
			isa = PBXNativeTarget;
			buildConfigurationList = 55AA067418F0315D000F9B32 /* Build configuration list for PBXNativeTarget "CocoaGoPushDemoOSX" */;
			buildPhases = (
				55AA064018F0315D000F9B32 /* Sources */,
				55AA064118F0315D000F9B32 /* Frameworks */,
				55AA064218F0315D000F9B32 /* Resources */,
			);
			buildRules = (
			);
			dependencies = (
			);
			name = CocoaGoPushDemoOSX;
			productName = CocoaGoPushDemoOSX;
			productReference = 55AA064418F0315D000F9B32 /* CocoaGoPushDemoOSX.app */;
			productType = "com.apple.product-type.application";
		};
/* End PBXNativeTarget section */

/* Begin PBXProject section */
		55AA05D418F02898000F9B32 /* Project object */ = {
			isa = PBXProject;
			attributes = {
				LastUpgradeCheck = 0510;
				ORGANIZATIONNAME = "Gdier <gdier.zh@gmail.com>";
			};
			buildConfigurationList = 55AA05D718F02898000F9B32 /* Build configuration list for PBXProject "CocoaGoPush" */;
			compatibilityVersion = "Xcode 3.2";
			developmentRegion = English;
			hasScannedForEncodings = 0;
			knownRegions = (
				en,
				Base,
			);
			mainGroup = 55AA05D318F02898000F9B32;
			productRefGroup = 55AA05DD18F02899000F9B32 /* Products */;
			projectDirPath = "";
			projectRoot = "";
			targets = (
				55AA05DB18F02899000F9B32 /* CocoaGoPushDemo */,
				55AA062A18F02C4D000F9B32 /* CocoaGoPushDemoMRC */,
				55AA064318F0315D000F9B32 /* CocoaGoPushDemoOSX */,
			);
		};
/* End PBXProject section */

/* Begin PBXResourcesBuildPhase section */
		55AA05DA18F02899000F9B32 /* Resources */ = {
			isa = PBXResourcesBuildPhase;
			buildActionMask = 2147483647;
			files = (
				55AA061A18F02936000F9B32 /* Images.xcassets in Resources */,
				55AA061918F02936000F9B32 /* InfoPlist.strings in Resources */,
				55AA063F18F02D3B000F9B32 /* CocoaGoPushDemoMRC-Info.plist in Resources */,
				55AA062918F02A91000F9B32 /* DemoViewController.xib in Resources */,
			);
			runOnlyForDeploymentPostprocessing = 0;
		};
		55AA063518F02C4D000F9B32 /* Resources */ = {
			isa = PBXResourcesBuildPhase;
			buildActionMask = 2147483647;
			files = (
				55AA063618F02C4D000F9B32 /* Images.xcassets in Resources */,
				55AA063718F02C4D000F9B32 /* InfoPlist.strings in Resources */,
				55AA063818F02C4D000F9B32 /* DemoViewController.xib in Resources */,
			);
			runOnlyForDeploymentPostprocessing = 0;
		};
		55AA064218F0315D000F9B32 /* Resources */ = {
			isa = PBXResourcesBuildPhase;
			buildActionMask = 2147483647;
			files = (
				55AA065018F0315D000F9B32 /* InfoPlist.strings in Resources */,
				55AA065E18F0315D000F9B32 /* Images.xcassets in Resources */,
				55AA065618F0315D000F9B32 /* Credits.rtf in Resources */,
				55AA065C18F0315D000F9B32 /* MainMenu.xib in Resources */,
			);
			runOnlyForDeploymentPostprocessing = 0;
		};
/* End PBXResourcesBuildPhase section */

/* Begin PBXSourcesBuildPhase section */
		55AA05D818F02899000F9B32 /* Sources */ = {
			isa = PBXSourcesBuildPhase;
			buildActionMask = 2147483647;
			files = (
				55AA062318F02A2A000F9B32 /* AsyncSocket.m in Sources */,
				55AA061B18F02936000F9B32 /* main.m in Sources */,
				55AA061718F02936000F9B32 /* AppDelegate.m in Sources */,
				55AA062818F02A91000F9B32 /* DemoViewController.m in Sources */,
				55AA062418F02A2A000F9B32 /* CocoaGoPush.m in Sources */,
			);
			runOnlyForDeploymentPostprocessing = 0;
		};
		55AA062B18F02C4D000F9B32 /* Sources */ = {
			isa = PBXSourcesBuildPhase;
			buildActionMask = 2147483647;
			files = (
				55AA062C18F02C4D000F9B32 /* AsyncSocket.m in Sources */,
				55AA062D18F02C4D000F9B32 /* main.m in Sources */,
				55AA062E18F02C4D000F9B32 /* AppDelegate.m in Sources */,
				55AA062F18F02C4D000F9B32 /* DemoViewController.m in Sources */,
				55AA063018F02C4D000F9B32 /* CocoaGoPush.m in Sources */,
			);
			runOnlyForDeploymentPostprocessing = 0;
		};
		55AA064018F0315D000F9B32 /* Sources */ = {
			isa = PBXSourcesBuildPhase;
			buildActionMask = 2147483647;
			files = (
				55AA067618F03180000F9B32 /* AsyncSocket.m in Sources */,
				55AA065918F0315D000F9B32 /* AppDelegate.m in Sources */,
				55AA065218F0315D000F9B32 /* main.m in Sources */,
				55AA067718F03184000F9B32 /* CocoaGoPush.m in Sources */,
			);
			runOnlyForDeploymentPostprocessing = 0;
		};
/* End PBXSourcesBuildPhase section */

/* Begin PBXVariantGroup section */
		55AA061318F02936000F9B32 /* InfoPlist.strings */ = {
			isa = PBXVariantGroup;
			children = (
				55AA061418F02936000F9B32 /* en */,
			);
			name = InfoPlist.strings;
			sourceTree = "<group>";
		};
		55AA064E18F0315D000F9B32 /* InfoPlist.strings */ = {
			isa = PBXVariantGroup;
			children = (
				55AA064F18F0315D000F9B32 /* en */,
			);
			name = InfoPlist.strings;
			sourceTree = "<group>";
		};
		55AA065418F0315D000F9B32 /* Credits.rtf */ = {
			isa = PBXVariantGroup;
			children = (
				55AA065518F0315D000F9B32 /* en */,
			);
			name = Credits.rtf;
			sourceTree = "<group>";
		};
		55AA065A18F0315D000F9B32 /* MainMenu.xib */ = {
			isa = PBXVariantGroup;
			children = (
				55AA065B18F0315D000F9B32 /* Base */,
			);
			name = MainMenu.xib;
			sourceTree = "<group>";
		};
/* End PBXVariantGroup section */

/* Begin XCBuildConfiguration section */
		55AA060618F02899000F9B32 /* Debug */ = {
			isa = XCBuildConfiguration;
			buildSettings = {
				ALWAYS_SEARCH_USER_PATHS = NO;
				CLANG_CXX_LANGUAGE_STANDARD = "gnu++0x";
				CLANG_CXX_LIBRARY = "libc++";
				CLANG_ENABLE_MODULES = YES;
				CLANG_ENABLE_OBJC_ARC = YES;
				CLANG_WARN_BOOL_CONVERSION = YES;
				CLANG_WARN_CONSTANT_CONVERSION = YES;
				CLANG_WARN_DIRECT_OBJC_ISA_USAGE = YES_ERROR;
				CLANG_WARN_EMPTY_BODY = YES;
				CLANG_WARN_ENUM_CONVERSION = YES;
				CLANG_WARN_INT_CONVERSION = YES;
				CLANG_WARN_OBJC_ROOT_CLASS = YES_ERROR;
				CLANG_WARN__DUPLICATE_METHOD_MATCH = YES;
				"CODE_SIGN_IDENTITY[sdk=iphoneos*]" = "iPhone Developer";
				COPY_PHASE_STRIP = NO;
				GCC_C_LANGUAGE_STANDARD = gnu99;
				GCC_DYNAMIC_NO_PIC = NO;
				GCC_OPTIMIZATION_LEVEL = 0;
				GCC_PREPROCESSOR_DEFINITIONS = (
					"DEBUG=1",
					"$(inherited)",
				);
				GCC_SYMBOLS_PRIVATE_EXTERN = NO;
				GCC_WARN_64_TO_32_BIT_CONVERSION = YES;
				GCC_WARN_ABOUT_RETURN_TYPE = YES_ERROR;
				GCC_WARN_UNDECLARED_SELECTOR = YES;
				GCC_WARN_UNINITIALIZED_AUTOS = YES_AGGRESSIVE;
				GCC_WARN_UNUSED_FUNCTION = YES;
				GCC_WARN_UNUSED_VARIABLE = YES;
				IPHONEOS_DEPLOYMENT_TARGET = 5.0;
				ONLY_ACTIVE_ARCH = YES;
				SDKROOT = iphoneos;
			};
			name = Debug;
		};
		55AA060718F02899000F9B32 /* Release */ = {
			isa = XCBuildConfiguration;
			buildSettings = {
				ALWAYS_SEARCH_USER_PATHS = NO;
				CLANG_CXX_LANGUAGE_STANDARD = "gnu++0x";
				CLANG_CXX_LIBRARY = "libc++";
				CLANG_ENABLE_MODULES = YES;
				CLANG_ENABLE_OBJC_ARC = YES;
				CLANG_WARN_BOOL_CONVERSION = YES;
				CLANG_WARN_CONSTANT_CONVERSION = YES;
				CLANG_WARN_DIRECT_OBJC_ISA_USAGE = YES_ERROR;
				CLANG_WARN_EMPTY_BODY = YES;
				CLANG_WARN_ENUM_CONVERSION = YES;
				CLANG_WARN_INT_CONVERSION = YES;
				CLANG_WARN_OBJC_ROOT_CLASS = YES_ERROR;
				CLANG_WARN__DUPLICATE_METHOD_MATCH = YES;
				"CODE_SIGN_IDENTITY[sdk=iphoneos*]" = "iPhone Developer";
				COPY_PHASE_STRIP = YES;
				ENABLE_NS_ASSERTIONS = NO;
				GCC_C_LANGUAGE_STANDARD = gnu99;
				GCC_WARN_64_TO_32_BIT_CONVERSION = YES;
				GCC_WARN_ABOUT_RETURN_TYPE = YES_ERROR;
				GCC_WARN_UNDECLARED_SELECTOR = YES;
				GCC_WARN_UNINITIALIZED_AUTOS = YES_AGGRESSIVE;
				GCC_WARN_UNUSED_FUNCTION = YES;
				GCC_WARN_UNUSED_VARIABLE = YES;
				IPHONEOS_DEPLOYMENT_TARGET = 5.0;
				SDKROOT = iphoneos;
				VALIDATE_PRODUCT = YES;
			};
			name = Release;
		};
		55AA060918F02899000F9B32 /* Debug */ = {
			isa = XCBuildConfiguration;
			buildSettings = {
				ASSETCATALOG_COMPILER_APPICON_NAME = AppIcon;
				ASSETCATALOG_COMPILER_LAUNCHIMAGE_NAME = LaunchImage;
				GCC_PRECOMPILE_PREFIX_HEADER = YES;
				GCC_PREFIX_HEADER = "CocoaGoPushDemo/CocoaGoPush-Prefix.pch";
				INFOPLIST_FILE = "CocoaGoPushDemo/CocoaGoPush-Info.plist";
				PRODUCT_NAME = "$(TARGET_NAME)";
				WRAPPER_EXTENSION = app;
			};
			name = Debug;
		};
		55AA060A18F02899000F9B32 /* Release */ = {
			isa = XCBuildConfiguration;
			buildSettings = {
				ASSETCATALOG_COMPILER_APPICON_NAME = AppIcon;
				ASSETCATALOG_COMPILER_LAUNCHIMAGE_NAME = LaunchImage;
				GCC_PRECOMPILE_PREFIX_HEADER = YES;
				GCC_PREFIX_HEADER = "CocoaGoPushDemo/CocoaGoPush-Prefix.pch";
				INFOPLIST_FILE = "CocoaGoPushDemo/CocoaGoPush-Info.plist";
				PRODUCT_NAME = "$(TARGET_NAME)";
				WRAPPER_EXTENSION = app;
			};
			name = Release;
		};
		55AA063A18F02C4D000F9B32 /* Debug */ = {
			isa = XCBuildConfiguration;
			buildSettings = {
				ASSETCATALOG_COMPILER_APPICON_NAME = AppIcon;
				ASSETCATALOG_COMPILER_LAUNCHIMAGE_NAME = LaunchImage;
				CLANG_ENABLE_OBJC_ARC = NO;
				GCC_PRECOMPILE_PREFIX_HEADER = YES;
				GCC_PREFIX_HEADER = "CocoaGoPushDemo/CocoaGoPush-Prefix.pch";
				INFOPLIST_FILE = "$(SRCROOT)/CocoaGoPushDemo/CocoaGoPushDemoMRC-Info.plist";
				PRODUCT_NAME = CocoaGoPushDemoMRC;
				WRAPPER_EXTENSION = app;
			};
			name = Debug;
		};
		55AA063B18F02C4D000F9B32 /* Release */ = {
			isa = XCBuildConfiguration;
			buildSettings = {
				ASSETCATALOG_COMPILER_APPICON_NAME = AppIcon;
				ASSETCATALOG_COMPILER_LAUNCHIMAGE_NAME = LaunchImage;
				CLANG_ENABLE_OBJC_ARC = NO;
				GCC_PRECOMPILE_PREFIX_HEADER = YES;
				GCC_PREFIX_HEADER = "CocoaGoPushDemo/CocoaGoPush-Prefix.pch";
				INFOPLIST_FILE = "$(SRCROOT)/CocoaGoPushDemo/CocoaGoPushDemoMRC-Info.plist";
				PRODUCT_NAME = CocoaGoPushDemoMRC;
				WRAPPER_EXTENSION = app;
			};
			name = Release;
		};
		55AA067018F0315D000F9B32 /* Debug */ = {
			isa = XCBuildConfiguration;
			buildSettings = {
				ASSETCATALOG_COMPILER_APPICON_NAME = AppIcon;
				COMBINE_HIDPI_IMAGES = YES;
				FRAMEWORK_SEARCH_PATHS = (
					"$(inherited)",
					"$(DEVELOPER_FRAMEWORKS_DIR)",
				);
				GCC_ENABLE_OBJC_EXCEPTIONS = YES;
				GCC_PRECOMPILE_PREFIX_HEADER = YES;
				GCC_PREFIX_HEADER = "CocoaGoPushDemoOSX/CocoaGoPushDemoOSX-Prefix.pch";
				GCC_PREPROCESSOR_DEFINITIONS = (
					"DEBUG=1",
					"$(inherited)",
				);
				INFOPLIST_FILE = "CocoaGoPushDemoOSX/CocoaGoPushDemoOSX-Info.plist";
				MACOSX_DEPLOYMENT_TARGET = 10.8;
				PRODUCT_NAME = "$(TARGET_NAME)";
				SDKROOT = macosx;
				WRAPPER_EXTENSION = app;
			};
			name = Debug;
		};
		55AA067118F0315D000F9B32 /* Release */ = {
			isa = XCBuildConfiguration;
			buildSettings = {
				ASSETCATALOG_COMPILER_APPICON_NAME = AppIcon;
				COMBINE_HIDPI_IMAGES = YES;
				DEBUG_INFORMATION_FORMAT = "dwarf-with-dsym";
				FRAMEWORK_SEARCH_PATHS = (
					"$(inherited)",
					"$(DEVELOPER_FRAMEWORKS_DIR)",
				);
				GCC_ENABLE_OBJC_EXCEPTIONS = YES;
				GCC_PRECOMPILE_PREFIX_HEADER = YES;
				GCC_PREFIX_HEADER = "CocoaGoPushDemoOSX/CocoaGoPushDemoOSX-Prefix.pch";
				INFOPLIST_FILE = "CocoaGoPushDemoOSX/CocoaGoPushDemoOSX-Info.plist";
				MACOSX_DEPLOYMENT_TARGET = 10.8;
				PRODUCT_NAME = "$(TARGET_NAME)";
				SDKROOT = macosx;
				WRAPPER_EXTENSION = app;
			};
			name = Release;
		};
/* End XCBuildConfiguration section */

/* Begin XCConfigurationList section */
		55AA05D718F02898000F9B32 /* Build configuration list for PBXProject "CocoaGoPush" */ = {
			isa = XCConfigurationList;
			buildConfigurations = (
				55AA060618F02899000F9B32 /* Debug */,
				55AA060718F02899000F9B32 /* Release */,
			);
			defaultConfigurationIsVisible = 0;
			defaultConfigurationName = Release;
		};
		55AA060818F02899000F9B32 /* Build configuration list for PBXNativeTarget "CocoaGoPushDemo" */ = {
			isa = XCConfigurationList;
			buildConfigurations = (
				55AA060918F02899000F9B32 /* Debug */,
				55AA060A18F02899000F9B32 /* Release */,
			);
			defaultConfigurationIsVisible = 0;
			defaultConfigurationName = Release;
		};
		55AA063918F02C4D000F9B32 /* Build configuration list for PBXNativeTarget "CocoaGoPushDemoMRC" */ = {
			isa = XCConfigurationList;
			buildConfigurations = (
				55AA063A18F02C4D000F9B32 /* Debug */,
				55AA063B18F02C4D000F9B32 /* Release */,
			);
			defaultConfigurationIsVisible = 0;
			defaultConfigurationName = Release;
		};
		55AA067418F0315D000F9B32 /* Build configuration list for PBXNativeTarget "CocoaGoPushDemoOSX" */ = {
			isa = XCConfigurationList;
			buildConfigurations = (
				55AA067018F0315D000F9B32 /* Debug */,
				55AA067118F0315D000F9B32 /* Release */,
			);
			defaultConfigurationIsVisible = 0;
			defaultConfigurationName = Release;
		};
/* End XCConfigurationList section */
	};
	rootObject = 55AA05D418F02898000F9B32 /* Project object */;
}
